
Microsoft Visual Studio Solution File, Format Version 12.00
# Visual Studio Version 17
VisualStudioVersion = 17.6.33829.357
MinimumVisualStudioVersion = 10.0.40219.1
Project("{8BC9CEB8-8B4A-11D0-8D11-00A0C91BC942}") = "DetectProcessContainerInstrumented", "DetectProcessContainerNirvaned\DetectProcessContainerNirvaned.vcxproj", "{9F14E6F2-4F89-452E-B8EE-1611F305D0F0}"
EndProject
Global
	GlobalSection(SolutionConfigurationPlatforms) = preSolution
		Debug|ARM64 = Debug|ARM64
		Debug|x64 = Debug|x64
		Release|ARM64 = Release|ARM64
		Release|x64 = Release|x64
	EndGlobalSection
	GlobalSection(ProjectConfigurationPlatforms) = postSolution
		{9F14E6F2-4F89-452E-B8EE-1611F305D0F0}.Debug|ARM64.ActiveCfg = Debug|ARM64
		{9F14E6F2-4F89-452E-B8EE-1611F305D0F0}.Debug|ARM64.Build.0 = Debug|ARM64
		{9F14E6F2-4F89-452E-B8EE-1611F305D0F0}.Debug|ARM64.Deploy.0 = Debug|ARM64
		{9F14E6F2-4F89-452E-B8EE-1611F305D0F0}.Debug|x64.ActiveCfg = Debug|x64
		{9F14E6F2-4F89-452E-B8EE-1611F305D0F0}.Debug|x64.Build.0 = Debug|x64
		{9F14E6F2-4F89-452E-B8EE-1611F305D0F0}.Debug|x64.Deploy.0 = Debug|x64
		{9F14E6F2-4F89-452E-B8EE-1611F305D0F0}.Release|ARM64.ActiveCfg = Release|ARM64
		{9F14E6F2-4F89-452E-B8EE-1611F305D0F0}.Release|ARM64.Build.0 = Release|ARM64
		{9F14E6F2-4F89-452E-B8EE-1611F305D0F0}.Release|ARM64.Deploy.0 = Release|ARM64
		{9F14E6F2-4F89-452E-B8EE-1611F305D0F0}.Release|x64.ActiveCfg = Release|x64
		{9F14E6F2-4F89-452E-B8EE-1611F305D0F0}.Release|x64.Build.0 = Release|x64
		{9F14E6F2-4F89-452E-B8EE-1611F305D0F0}.Release|x64.Deploy.0 = Release|x64
	EndGlobalSection
	GlobalSection(SolutionProperties) = preSolution
		HideSolutionNode = FALSE
	EndGlobalSection
	GlobalSection(ExtensibilityGlobals) = postSolution
		SolutionGuid = {F9521924-AD7D-4C49-BE93-2C0BDC42E3E1}
	EndGlobalSection
EndGlobal
